# This file is automatically @generated by Cargo.
# It is not intended for manual editing.
version = 3

[[package]]
name = "demo"
version = "0.1.0"
dependencies = [
 "test-workflow2",
]

[[package]]
name = "test-workflow2"
version = "0.1.0"
source = "git+https://github.com/yuunlimm/test-workflow2.git?rev=e89494d63aea608a464e71df0edfd49710b24276#e89494d63aea608a464e71df0edfd49710b24276"
